
Microsoft Visual Studio Solution File, Format Version 12.00
# Visual Studio Version 17
VisualStudioVersion = 17.5.33424.131
MinimumVisualStudioVersion = 10.0.40219.1
Project("{8BC9CEB8-8B4A-11D0-8D11-00A0C91BC942}") = "팩토리얼 반복문", "Project1\Project1.vcxproj", "{15B6E60C-F0E3-4BAC-BE7E-B1D351C8C3D4}"
EndProject
Project("{8BC9CEB8-8B4A-11D0-8D11-00A0C91BC942}") = "손님", "Project2\Project2.vcxproj", "{ECD36285-B12E-46DE-9344-CA2EC5257D7E}"
EndProject
Project("{8BC9CEB8-8B4A-11D0-8D11-00A0C91BC942}") = "피보나치", "피보나치\피보나치.vcxproj", "{616D2705-504E-4B70-8F74-A98466CA27FE}"
EndProject
Project("{8BC9CEB8-8B4A-11D0-8D11-00A0C91BC942}") = "하노이의 탑", "하노이의 탑\하노이의 탑.vcxproj", "{A82F775F-BD59-4E7C-86FC-771D4F1A6A3E}"
EndProject
Project("{8BC9CEB8-8B4A-11D0-8D11-00A0C91BC942}") = "다항식 덧셈", "연습\연습.vcxproj", "{3D3702BC-8163-48D2-8640-C538B9AB19AC}"
EndProject
Project("{8BC9CEB8-8B4A-11D0-8D11-00A0C91BC942}") = "가이바위보 게임", "연습2\연습2.vcxproj", "{0EB6271A-589B-4193-85D1-97869CE3D11C}"
EndProject
Project("{8BC9CEB8-8B4A-11D0-8D11-00A0C91BC942}") = "피라미드", "연습3\연습3.vcxproj", "{1752F4A0-289F-434F-BCBA-BEC92EADAB74}"
EndProject
Project("{8BC9CEB8-8B4A-11D0-8D11-00A0C91BC942}") = "발모제게임", "연습4\연습4.vcxproj", "{F39B1EC1-15F2-424B-972C-467E6356A676}"
EndProject
Project("{8BC9CEB8-8B4A-11D0-8D11-00A0C91BC942}") = "원형큐", "연습5\연습5.vcxproj", "{69BC226D-13F2-44BE-826B-9093FE4FB6BB}"
EndProject
Project("{8BC9CEB8-8B4A-11D0-8D11-00A0C91BC942}") = "연결리스트", "연습6\연습6.vcxproj", "{A67AE384-B1AE-43C5-864F-57BDB5F9DC7D}"
EndProject
Project("{8BC9CEB8-8B4A-11D0-8D11-00A0C91BC942}") = "스택", "연습7\연습7.vcxproj", "{75768175-17A0-4DF7-946A-7F8377541DAF}"
EndProject
Project("{8BC9CEB8-8B4A-11D0-8D11-00A0C91BC942}") = "연결리스트 큐", "Project3\Project3.vcxproj", "{B18DD4E4-131E-4AAD-A4AE-FE934BE7849B}"
EndProject
Project("{8BC9CEB8-8B4A-11D0-8D11-00A0C91BC942}") = "선형큐", "Project1d\Project1d.vcxproj", "{52B1B63C-46C5-44FC-A5F7-4A288BD0B209}"
EndProject
Project("{8BC9CEB8-8B4A-11D0-8D11-00A0C91BC942}") = "자료구조과제", "Project12\Project12.vcxproj", "{A9AEAEA7-5666-4CB2-BFA1-8BA5088E1770}"
EndProject
Project("{8BC9CEB8-8B4A-11D0-8D11-00A0C91BC942}") = "시험", "시험\시험.vcxproj", "{189F64B7-E0F7-4A84-AB91-1325DF6340D4}"
EndProject
Project("{8BC9CEB8-8B4A-11D0-8D11-00A0C91BC942}") = "backjoon", "backjoon\backjoon.vcxproj", "{0BFF0E01-DA44-45BF-8A37-3713E99223F0}"
EndProject
Project("{8BC9CEB8-8B4A-11D0-8D11-00A0C91BC942}") = "practice", "practice\practice.vcxproj", "{61B37CB9-FC00-4606-901E-ECC2F67B3982}"
EndProject
Project("{8BC9CEB8-8B4A-11D0-8D11-00A0C91BC942}") = "a유튜브강의", "유튜브강의\유튜브강의.vcxproj", "{808842D7-D34F-41E9-90E5-6DD4BC82E448}"
EndProject
Global
	GlobalSection(SolutionConfigurationPlatforms) = preSolution
		Debug|x64 = Debug|x64
		Debug|x86 = Debug|x86
		Release|x64 = Release|x64
		Release|x86 = Release|x86
	EndGlobalSection
	GlobalSection(ProjectConfigurationPlatforms) = postSolution
		{15B6E60C-F0E3-4BAC-BE7E-B1D351C8C3D4}.Debug|x64.ActiveCfg = Debug|x64
		{15B6E60C-F0E3-4BAC-BE7E-B1D351C8C3D4}.Debug|x64.Build.0 = Debug|x64
		{15B6E60C-F0E3-4BAC-BE7E-B1D351C8C3D4}.Debug|x86.ActiveCfg = Debug|Win32
		{15B6E60C-F0E3-4BAC-BE7E-B1D351C8C3D4}.Debug|x86.Build.0 = Debug|Win32
		{15B6E60C-F0E3-4BAC-BE7E-B1D351C8C3D4}.Release|x64.ActiveCfg = Release|x64
		{15B6E60C-F0E3-4BAC-BE7E-B1D351C8C3D4}.Release|x64.Build.0 = Release|x64
		{15B6E60C-F0E3-4BAC-BE7E-B1D351C8C3D4}.Release|x86.ActiveCfg = Release|Win32
		{15B6E60C-F0E3-4BAC-BE7E-B1D351C8C3D4}.Release|x86.Build.0 = Release|Win32
		{ECD36285-B12E-46DE-9344-CA2EC5257D7E}.Debug|x64.ActiveCfg = Debug|x64
		{ECD36285-B12E-46DE-9344-CA2EC5257D7E}.Debug|x64.Build.0 = Debug|x64
		{ECD36285-B12E-46DE-9344-CA2EC5257D7E}.Debug|x86.ActiveCfg = Debug|Win32
		{ECD36285-B12E-46DE-9344-CA2EC5257D7E}.Debug|x86.Build.0 = Debug|Win32
		{ECD36285-B12E-46DE-9344-CA2EC5257D7E}.Release|x64.ActiveCfg = Release|x64
		{ECD36285-B12E-46DE-9344-CA2EC5257D7E}.Release|x64.Build.0 = Release|x64
		{ECD36285-B12E-46DE-9344-CA2EC5257D7E}.Release|x86.ActiveCfg = Release|Win32
		{ECD36285-B12E-46DE-9344-CA2EC5257D7E}.Release|x86.Build.0 = Release|Win32
		{616D2705-504E-4B70-8F74-A98466CA27FE}.Debug|x64.ActiveCfg = Debug|x64
		{616D2705-504E-4B70-8F74-A98466CA27FE}.Debug|x64.Build.0 = Debug|x64
		{616D2705-504E-4B70-8F74-A98466CA27FE}.Debug|x86.ActiveCfg = Debug|Win32
		{616D2705-504E-4B70-8F74-A98466CA27FE}.Debug|x86.Build.0 = Debug|Win32
		{616D2705-504E-4B70-8F74-A98466CA27FE}.Release|x64.ActiveCfg = Release|x64
		{616D2705-504E-4B70-8F74-A98466CA27FE}.Release|x64.Build.0 = Release|x64
		{616D2705-504E-4B70-8F74-A98466CA27FE}.Release|x86.ActiveCfg = Release|Win32
		{616D2705-504E-4B70-8F74-A98466CA27FE}.Release|x86.Build.0 = Release|Win32
		{A82F775F-BD59-4E7C-86FC-771D4F1A6A3E}.Debug|x64.ActiveCfg = Debug|x64
		{A82F775F-BD59-4E7C-86FC-771D4F1A6A3E}.Debug|x64.Build.0 = Debug|x64
		{A82F775F-BD59-4E7C-86FC-771D4F1A6A3E}.Debug|x86.ActiveCfg = Debug|Win32
		{A82F775F-BD59-4E7C-86FC-771D4F1A6A3E}.Debug|x86.Build.0 = Debug|Win32
		{A82F775F-BD59-4E7C-86FC-771D4F1A6A3E}.Release|x64.ActiveCfg = Release|x64
		{A82F775F-BD59-4E7C-86FC-771D4F1A6A3E}.Release|x64.Build.0 = Release|x64
		{A82F775F-BD59-4E7C-86FC-771D4F1A6A3E}.Release|x86.ActiveCfg = Release|Win32
		{A82F775F-BD59-4E7C-86FC-771D4F1A6A3E}.Release|x86.Build.0 = Release|Win32
		{3D3702BC-8163-48D2-8640-C538B9AB19AC}.Debug|x64.ActiveCfg = Debug|x64
		{3D3702BC-8163-48D2-8640-C538B9AB19AC}.Debug|x64.Build.0 = Debug|x64
		{3D3702BC-8163-48D2-8640-C538B9AB19AC}.Debug|x86.ActiveCfg = Debug|Win32
		{3D3702BC-8163-48D2-8640-C538B9AB19AC}.Debug|x86.Build.0 = Debug|Win32
		{3D3702BC-8163-48D2-8640-C538B9AB19AC}.Release|x64.ActiveCfg = Release|x64
		{3D3702BC-8163-48D2-8640-C538B9AB19AC}.Release|x64.Build.0 = Release|x64
		{3D3702BC-8163-48D2-8640-C538B9AB19AC}.Release|x86.ActiveCfg = Release|Win32
		{3D3702BC-8163-48D2-8640-C538B9AB19AC}.Release|x86.Build.0 = Release|Win32
		{0EB6271A-589B-4193-85D1-97869CE3D11C}.Debug|x64.ActiveCfg = Debug|x64
		{0EB6271A-589B-4193-85D1-97869CE3D11C}.Debug|x64.Build.0 = Debug|x64
		{0EB6271A-589B-4193-85D1-97869CE3D11C}.Debug|x86.ActiveCfg = Debug|Win32
		{0EB6271A-589B-4193-85D1-97869CE3D11C}.Debug|x86.Build.0 = Debug|Win32
		{0EB6271A-589B-4193-85D1-97869CE3D11C}.Release|x64.ActiveCfg = Release|x64
		{0EB6271A-589B-4193-85D1-97869CE3D11C}.Release|x64.Build.0 = Release|x64
		{0EB6271A-589B-4193-85D1-97869CE3D11C}.Release|x86.ActiveCfg = Release|Win32
		{0EB6271A-589B-4193-85D1-97869CE3D11C}.Release|x86.Build.0 = Release|Win32
		{1752F4A0-289F-434F-BCBA-BEC92EADAB74}.Debug|x64.ActiveCfg = Debug|x64
		{1752F4A0-289F-434F-BCBA-BEC92EADAB74}.Debug|x64.Build.0 = Debug|x64
		{1752F4A0-289F-434F-BCBA-BEC92EADAB74}.Debug|x86.ActiveCfg = Debug|Win32
		{1752F4A0-289F-434F-BCBA-BEC92EADAB74}.Debug|x86.Build.0 = Debug|Win32
		{1752F4A0-289F-434F-BCBA-BEC92EADAB74}.Release|x64.ActiveCfg = Release|x64
		{1752F4A0-289F-434F-BCBA-BEC92EADAB74}.Release|x64.Build.0 = Release|x64
		{1752F4A0-289F-434F-BCBA-BEC92EADAB74}.Release|x86.ActiveCfg = Release|Win32
		{1752F4A0-289F-434F-BCBA-BEC92EADAB74}.Release|x86.Build.0 = Release|Win32
		{F39B1EC1-15F2-424B-972C-467E6356A676}.Debug|x64.ActiveCfg = Debug|x64
		{F39B1EC1-15F2-424B-972C-467E6356A676}.Debug|x64.Build.0 = Debug|x64
		{F39B1EC1-15F2-424B-972C-467E6356A676}.Debug|x86.ActiveCfg = Debug|Win32
		{F39B1EC1-15F2-424B-972C-467E6356A676}.Debug|x86.Build.0 = Debug|Win32
		{F39B1EC1-15F2-424B-972C-467E6356A676}.Release|x64.ActiveCfg = Release|x64
		{F39B1EC1-15F2-424B-972C-467E6356A676}.Release|x64.Build.0 = Release|x64
		{F39B1EC1-15F2-424B-972C-467E6356A676}.Release|x86.ActiveCfg = Release|Win32
		{F39B1EC1-15F2-424B-972C-467E6356A676}.Release|x86.Build.0 = Release|Win32
		{69BC226D-13F2-44BE-826B-9093FE4FB6BB}.Debug|x64.ActiveCfg = Debug|x64
		{69BC226D-13F2-44BE-826B-9093FE4FB6BB}.Debug|x64.Build.0 = Debug|x64
		{69BC226D-13F2-44BE-826B-9093FE4FB6BB}.Debug|x86.ActiveCfg = Debug|Win32
		{69BC226D-13F2-44BE-826B-9093FE4FB6BB}.Debug|x86.Build.0 = Debug|Win32
		{69BC226D-13F2-44BE-826B-9093FE4FB6BB}.Release|x64.ActiveCfg = Release|x64
		{69BC226D-13F2-44BE-826B-9093FE4FB6BB}.Release|x64.Build.0 = Release|x64
		{69BC226D-13F2-44BE-826B-9093FE4FB6BB}.Release|x86.ActiveCfg = Release|Win32
		{69BC226D-13F2-44BE-826B-9093FE4FB6BB}.Release|x86.Build.0 = Release|Win32
		{A67AE384-B1AE-43C5-864F-57BDB5F9DC7D}.Debug|x64.ActiveCfg = Debug|x64
		{A67AE384-B1AE-43C5-864F-57BDB5F9DC7D}.Debug|x64.Build.0 = Debug|x64
		{A67AE384-B1AE-43C5-864F-57BDB5F9DC7D}.Debug|x86.ActiveCfg = Debug|Win32
		{A67AE384-B1AE-43C5-864F-57BDB5F9DC7D}.Debug|x86.Build.0 = Debug|Win32
		{A67AE384-B1AE-43C5-864F-57BDB5F9DC7D}.Release|x64.ActiveCfg = Release|x64
		{A67AE384-B1AE-43C5-864F-57BDB5F9DC7D}.Release|x64.Build.0 = Release|x64
		{A67AE384-B1AE-43C5-864F-57BDB5F9DC7D}.Release|x86.ActiveCfg = Release|Win32
		{A67AE384-B1AE-43C5-864F-57BDB5F9DC7D}.Release|x86.Build.0 = Release|Win32
		{75768175-17A0-4DF7-946A-7F8377541DAF}.Debug|x64.ActiveCfg = Debug|x64
		{75768175-17A0-4DF7-946A-7F8377541DAF}.Debug|x64.Build.0 = Debug|x64
		{75768175-17A0-4DF7-946A-7F8377541DAF}.Debug|x86.ActiveCfg = Debug|Win32
		{75768175-17A0-4DF7-946A-7F8377541DAF}.Debug|x86.Build.0 = Debug|Win32
		{75768175-17A0-4DF7-946A-7F8377541DAF}.Release|x64.ActiveCfg = Release|x64
		{75768175-17A0-4DF7-946A-7F8377541DAF}.Release|x64.Build.0 = Release|x64
		{75768175-17A0-4DF7-946A-7F8377541DAF}.Release|x86.ActiveCfg = Release|Win32
		{75768175-17A0-4DF7-946A-7F8377541DAF}.Release|x86.Build.0 = Release|Win32
		{B18DD4E4-131E-4AAD-A4AE-FE934BE7849B}.Debug|x64.ActiveCfg = Debug|x64
		{B18DD4E4-131E-4AAD-A4AE-FE934BE7849B}.Debug|x64.Build.0 = Debug|x64
		{B18DD4E4-131E-4AAD-A4AE-FE934BE7849B}.Debug|x86.ActiveCfg = Debug|Win32
		{B18DD4E4-131E-4AAD-A4AE-FE934BE7849B}.Debug|x86.Build.0 = Debug|Win32
		{B18DD4E4-131E-4AAD-A4AE-FE934BE7849B}.Release|x64.ActiveCfg = Release|x64
		{B18DD4E4-131E-4AAD-A4AE-FE934BE7849B}.Release|x64.Build.0 = Release|x64
		{B18DD4E4-131E-4AAD-A4AE-FE934BE7849B}.Release|x86.ActiveCfg = Release|Win32
		{B18DD4E4-131E-4AAD-A4AE-FE934BE7849B}.Release|x86.Build.0 = Release|Win32
		{52B1B63C-46C5-44FC-A5F7-4A288BD0B209}.Debug|x64.ActiveCfg = Debug|x64
		{52B1B63C-46C5-44FC-A5F7-4A288BD0B209}.Debug|x64.Build.0 = Debug|x64
		{52B1B63C-46C5-44FC-A5F7-4A288BD0B209}.Debug|x86.ActiveCfg = Debug|Win32
		{52B1B63C-46C5-44FC-A5F7-4A288BD0B209}.Debug|x86.Build.0 = Debug|Win32
		{52B1B63C-46C5-44FC-A5F7-4A288BD0B209}.Release|x64.ActiveCfg = Release|x64
		{52B1B63C-46C5-44FC-A5F7-4A288BD0B209}.Release|x64.Build.0 = Release|x64
		{52B1B63C-46C5-44FC-A5F7-4A288BD0B209}.Release|x86.ActiveCfg = Release|Win32
		{52B1B63C-46C5-44FC-A5F7-4A288BD0B209}.Release|x86.Build.0 = Release|Win32
		{A9AEAEA7-5666-4CB2-BFA1-8BA5088E1770}.Debug|x64.ActiveCfg = Debug|x64
		{A9AEAEA7-5666-4CB2-BFA1-8BA5088E1770}.Debug|x64.Build.0 = Debug|x64
		{A9AEAEA7-5666-4CB2-BFA1-8BA5088E1770}.Debug|x86.ActiveCfg = Debug|Win32
		{A9AEAEA7-5666-4CB2-BFA1-8BA5088E1770}.Debug|x86.Build.0 = Debug|Win32
		{A9AEAEA7-5666-4CB2-BFA1-8BA5088E1770}.Release|x64.ActiveCfg = Release|x64
		{A9AEAEA7-5666-4CB2-BFA1-8BA5088E1770}.Release|x64.Build.0 = Release|x64
		{A9AEAEA7-5666-4CB2-BFA1-8BA5088E1770}.Release|x86.ActiveCfg = Release|Win32
		{A9AEAEA7-5666-4CB2-BFA1-8BA5088E1770}.Release|x86.Build.0 = Release|Win32
		{189F64B7-E0F7-4A84-AB91-1325DF6340D4}.Debug|x64.ActiveCfg = Debug|x64
		{189F64B7-E0F7-4A84-AB91-1325DF6340D4}.Debug|x64.Build.0 = Debug|x64
		{189F64B7-E0F7-4A84-AB91-1325DF6340D4}.Debug|x86.ActiveCfg = Debug|Win32
		{189F64B7-E0F7-4A84-AB91-1325DF6340D4}.Debug|x86.Build.0 = Debug|Win32
		{189F64B7-E0F7-4A84-AB91-1325DF6340D4}.Release|x64.ActiveCfg = Release|x64
		{189F64B7-E0F7-4A84-AB91-1325DF6340D4}.Release|x64.Build.0 = Release|x64
		{189F64B7-E0F7-4A84-AB91-1325DF6340D4}.Release|x86.ActiveCfg = Release|Win32
		{189F64B7-E0F7-4A84-AB91-1325DF6340D4}.Release|x86.Build.0 = Release|Win32
		{0BFF0E01-DA44-45BF-8A37-3713E99223F0}.Debug|x64.ActiveCfg = Debug|x64
		{0BFF0E01-DA44-45BF-8A37-3713E99223F0}.Debug|x64.Build.0 = Debug|x64
		{0BFF0E01-DA44-45BF-8A37-3713E99223F0}.Debug|x86.ActiveCfg = Debug|Win32
		{0BFF0E01-DA44-45BF-8A37-3713E99223F0}.Debug|x86.Build.0 = Debug|Win32
		{0BFF0E01-DA44-45BF-8A37-3713E99223F0}.Release|x64.ActiveCfg = Release|x64
		{0BFF0E01-DA44-45BF-8A37-3713E99223F0}.Release|x64.Build.0 = Release|x64
		{0BFF0E01-DA44-45BF-8A37-3713E99223F0}.Release|x86.ActiveCfg = Release|Win32
		{0BFF0E01-DA44-45BF-8A37-3713E99223F0}.Release|x86.Build.0 = Release|Win32
		{61B37CB9-FC00-4606-901E-ECC2F67B3982}.Debug|x64.ActiveCfg = Debug|x64
		{61B37CB9-FC00-4606-901E-ECC2F67B3982}.Debug|x64.Build.0 = Debug|x64
		{61B37CB9-FC00-4606-901E-ECC2F67B3982}.Debug|x86.ActiveCfg = Debug|Win32
		{61B37CB9-FC00-4606-901E-ECC2F67B3982}.Debug|x86.Build.0 = Debug|Win32
		{61B37CB9-FC00-4606-901E-ECC2F67B3982}.Release|x64.ActiveCfg = Release|x64
		{61B37CB9-FC00-4606-901E-ECC2F67B3982}.Release|x64.Build.0 = Release|x64
		{61B37CB9-FC00-4606-901E-ECC2F67B3982}.Release|x86.ActiveCfg = Release|Win32
		{61B37CB9-FC00-4606-901E-ECC2F67B3982}.Release|x86.Build.0 = Release|Win32
		{808842D7-D34F-41E9-90E5-6DD4BC82E448}.Debug|x64.ActiveCfg = Debug|x64
		{808842D7-D34F-41E9-90E5-6DD4BC82E448}.Debug|x64.Build.0 = Debug|x64
		{808842D7-D34F-41E9-90E5-6DD4BC82E448}.Debug|x86.ActiveCfg = Debug|Win32
		{808842D7-D34F-41E9-90E5-6DD4BC82E448}.Debug|x86.Build.0 = Debug|Win32
		{808842D7-D34F-41E9-90E5-6DD4BC82E448}.Release|x64.ActiveCfg = Release|x64
		{808842D7-D34F-41E9-90E5-6DD4BC82E448}.Release|x64.Build.0 = Release|x64
		{808842D7-D34F-41E9-90E5-6DD4BC82E448}.Release|x86.ActiveCfg = Release|Win32
		{808842D7-D34F-41E9-90E5-6DD4BC82E448}.Release|x86.Build.0 = Release|Win32
	EndGlobalSection
	GlobalSection(SolutionProperties) = preSolution
		HideSolutionNode = FALSE
	EndGlobalSection
	GlobalSection(ExtensibilityGlobals) = postSolution
		SolutionGuid = {D5D0F9D0-C219-4106-A6A5-6B955CC2739C}
	EndGlobalSection
EndGlobal
